
Microsoft Visual Studio Solution File, Format Version 12.00
# Visual Studio 15
VisualStudioVersion = 15.0.28307.168
MinimumVisualStudioVersion = 10.0.40219.1
Project("{FAE04EC0-301F-11D3-BF4B-00C04F79EFBC}") = "BirthdateGender", "BirthdateGender\BirthdateGender.csproj", "{95682F87-6E3A-445A-AB6C-E99901F81CA5}"
EndProject
Project("{FAE04EC0-301F-11D3-BF4B-00C04F79EFBC}") = "Strings", "Strings\Strings.csproj", "{D6F87EE9-D7C2-4EDC-9269-9112DF25E251}"
EndProject
Global
	GlobalSection(SolutionConfigurationPlatforms) = preSolution
		Debug|Any CPU = Debug|Any CPU
		Release|Any CPU = Release|Any CPU
	EndGlobalSection
	GlobalSection(ProjectConfigurationPlatforms) = postSolution
		{95682F87-6E3A-445A-AB6C-E99901F81CA5}.Debug|Any CPU.ActiveCfg = Debug|Any CPU
		{95682F87-6E3A-445A-AB6C-E99901F81CA5}.Debug|Any CPU.Build.0 = Debug|Any CPU
		{95682F87-6E3A-445A-AB6C-E99901F81CA5}.Release|Any CPU.ActiveCfg = Release|Any CPU
		{95682F87-6E3A-445A-AB6C-E99901F81CA5}.Release|Any CPU.Build.0 = Release|Any CPU
		{D6F87EE9-D7C2-4EDC-9269-9112DF25E251}.Debug|Any CPU.ActiveCfg = Debug|Any CPU
		{D6F87EE9-D7C2-4EDC-9269-9112DF25E251}.Debug|Any CPU.Build.0 = Debug|Any CPU
		{D6F87EE9-D7C2-4EDC-9269-9112DF25E251}.Release|Any CPU.ActiveCfg = Release|Any CPU
		{D6F87EE9-D7C2-4EDC-9269-9112DF25E251}.Release|Any CPU.Build.0 = Release|Any CPU
	EndGlobalSection
	GlobalSection(SolutionProperties) = preSolution
		HideSolutionNode = FALSE
	EndGlobalSection
	GlobalSection(ExtensibilityGlobals) = postSolution
		SolutionGuid = {08B160A2-56B0-44C4-AF3C-5F4AA83A2288}
	EndGlobalSection
EndGlobal
